// !$*UTF8*$!
{
	archiveVersion = 1;
	classes = {
	};
	objectVersion = 50;
	objects = {

/* Begin PBXBuildFile section */
		DEA81064900A1F09AC345806 /* Pods_parse2four.framework in Frameworks */ = {isa = PBXBuildFile; fileRef = 0FEF798E093FEBE980D80903 /* Pods_parse2four.framework */; };
		EBC940B5218061FA009747A0 /* AppDelegate.swift in Sources */ = {isa = PBXBuildFile; fileRef = EBC940B4218061FA009747A0 /* AppDelegate.swift */; };
		EBC940B7218061FA009747A0 /* signInVC.swift in Sources */ = {isa = PBXBuildFile; fileRef = EBC940B6218061FA009747A0 /* signInVC.swift */; };
		EBC940BA218061FA009747A0 /* Main.storyboard in Resources */ = {isa = PBXBuildFile; fileRef = EBC940B8218061FA009747A0 /* Main.storyboard */; };
		EBC940BC218061FC009747A0 /* Assets.xcassets in Resources */ = {isa = PBXBuildFile; fileRef = EBC940BB218061FC009747A0 /* Assets.xcassets */; };
		EBC940BF218061FC009747A0 /* LaunchScreen.storyboard in Resources */ = {isa = PBXBuildFile; fileRef = EBC940BD218061FC009747A0 /* LaunchScreen.storyboard */; };
		EBC940C721806523009747A0 /* placesVC.swift in Sources */ = {isa = PBXBuildFile; fileRef = EBC940C621806523009747A0 /* placesVC.swift */; };
		EBC940C921806C59009747A0 /* select.png in Resources */ = {isa = PBXBuildFile; fileRef = EBC940C821806C59009747A0 /* select.png */; };
		EBC940CB21806E22009747A0 /* imageVC.swift in Sources */ = {isa = PBXBuildFile; fileRef = EBC940CA21806E22009747A0 /* imageVC.swift */; };
		EBC940CD21806F07009747A0 /* mapVC.swift in Sources */ = {isa = PBXBuildFile; fileRef = EBC940CC21806F07009747A0 /* mapVC.swift */; };
		EBC940CF21806F8D009747A0 /* detailsVC.swift in Sources */ = {isa = PBXBuildFile; fileRef = EBC940CE21806F8D009747A0 /* detailsVC.swift */; };
/* End PBXBuildFile section */

/* Begin PBXFileReference section */
		0F1E76E72B707159F0ED1340 /* Pods-parse2four.release.xcconfig */ = {isa = PBXFileReference; includeInIndex = 1; lastKnownFileType = text.xcconfig; name = "Pods-parse2four.release.xcconfig"; path = "Pods/Target Support Files/Pods-parse2four/Pods-parse2four.release.xcconfig"; sourceTree = "<group>"; };
		0FEF798E093FEBE980D80903 /* Pods_parse2four.framework */ = {isa = PBXFileReference; explicitFileType = wrapper.framework; includeInIndex = 0; path = Pods_parse2four.framework; sourceTree = BUILT_PRODUCTS_DIR; };
		CC914CEF196D4160D24D095D /* Pods-parse2four.debug.xcconfig */ = {isa = PBXFileReference; includeInIndex = 1; lastKnownFileType = text.xcconfig; name = "Pods-parse2four.debug.xcconfig"; path = "Pods/Target Support Files/Pods-parse2four/Pods-parse2four.debug.xcconfig"; sourceTree = "<group>"; };
		EBC940B1218061FA009747A0 /* parse2four.app */ = {isa = PBXFileReference; explicitFileType = wrapper.application; includeInIndex = 0; path = parse2four.app; sourceTree = BUILT_PRODUCTS_DIR; };
		EBC940B4218061FA009747A0 /* AppDelegate.swift */ = {isa = PBXFileReference; lastKnownFileType = sourcecode.swift; path = AppDelegate.swift; sourceTree = "<group>"; };
		EBC940B6218061FA009747A0 /* signInVC.swift */ = {isa = PBXFileReference; lastKnownFileType = sourcecode.swift; path = signInVC.swift; sourceTree = "<group>"; };
		EBC940B9218061FA009747A0 /* Base */ = {isa = PBXFileReference; lastKnownFileType = file.storyboard; name = Base; path = Base.lproj/Main.storyboard; sourceTree = "<group>"; };
		EBC940BB218061FC009747A0 /* Assets.xcassets */ = {isa = PBXFileReference; lastKnownFileType = folder.assetcatalog; path = Assets.xcassets; sourceTree = "<group>"; };
		EBC940BE218061FC009747A0 /* Base */ = {isa = PBXFileReference; lastKnownFileType = file.storyboard; name = Base; path = Base.lproj/LaunchScreen.storyboard; sourceTree = "<group>"; };
		EBC940C0218061FC009747A0 /* Info.plist */ = {isa = PBXFileReference; lastKnownFileType = text.plist.xml; path = Info.plist; sourceTree = "<group>"; };
		EBC940C621806523009747A0 /* placesVC.swift */ = {isa = PBXFileReference; lastKnownFileType = sourcecode.swift; path = placesVC.swift; sourceTree = "<group>"; };
		EBC940C821806C59009747A0 /* select.png */ = {isa = PBXFileReference; lastKnownFileType = image.png; path = select.png; sourceTree = "<group>"; };
		EBC940CA21806E22009747A0 /* imageVC.swift */ = {isa = PBXFileReference; lastKnownFileType = sourcecode.swift; path = imageVC.swift; sourceTree = "<group>"; };
		EBC940CC21806F07009747A0 /* mapVC.swift */ = {isa = PBXFileReference; lastKnownFileType = sourcecode.swift; path = mapVC.swift; sourceTree = "<group>"; };
		EBC940CE21806F8D009747A0 /* detailsVC.swift */ = {isa = PBXFileReference; lastKnownFileType = sourcecode.swift; path = detailsVC.swift; sourceTree = "<group>"; };
/* End PBXFileReference section */

/* Begin PBXFrameworksBuildPhase section */
		EBC940AE218061FA009747A0 /* Frameworks */ = {
			isa = PBXFrameworksBuildPhase;
			buildActionMask = 2147483647;
			files = (
				DEA81064900A1F09AC345806 /* Pods_parse2four.framework in Frameworks */,
			);
			runOnlyForDeploymentPostprocessing = 0;
		};
/* End PBXFrameworksBuildPhase section */

/* Begin PBXGroup section */
		176890A4207F7D8293EB0799 /* Pods */ = {
			isa = PBXGroup;
			children = (
				CC914CEF196D4160D24D095D /* Pods-parse2four.debug.xcconfig */,
				0F1E76E72B707159F0ED1340 /* Pods-parse2four.release.xcconfig */,
			);
			name = Pods;
			sourceTree = "<group>";
		};
		80C09CFBCD613ED702FF2CCA /* Frameworks */ = {
			isa = PBXGroup;
			children = (
				0FEF798E093FEBE980D80903 /* Pods_parse2four.framework */,
			);
			name = Frameworks;
			sourceTree = "<group>";
		};
		EBC940A8218061FA009747A0 = {
			isa = PBXGroup;
			children = (
				EBC940B3218061FA009747A0 /* parse2four */,
				EBC940B2218061FA009747A0 /* Products */,
				176890A4207F7D8293EB0799 /* Pods */,
				80C09CFBCD613ED702FF2CCA /* Frameworks */,
			);
			sourceTree = "<group>";
		};
		EBC940B2218061FA009747A0 /* Products */ = {
			isa = PBXGroup;
			children = (
				EBC940B1218061FA009747A0 /* parse2four.app */,
			);
			name = Products;
			sourceTree = "<group>";
		};
		EBC940B3218061FA009747A0 /* parse2four */ = {
			isa = PBXGroup;
			children = (
				EBC940C821806C59009747A0 /* select.png */,
				EBC940B4218061FA009747A0 /* AppDelegate.swift */,
				EBC940B6218061FA009747A0 /* signInVC.swift */,
				EBC940C621806523009747A0 /* placesVC.swift */,
				EBC940CE21806F8D009747A0 /* detailsVC.swift */,
				EBC940CC21806F07009747A0 /* mapVC.swift */,
				EBC940CA21806E22009747A0 /* imageVC.swift */,
				EBC940B8218061FA009747A0 /* Main.storyboard */,
				EBC940BB218061FC009747A0 /* Assets.xcassets */,
				EBC940BD218061FC009747A0 /* LaunchScreen.storyboard */,
				EBC940C0218061FC009747A0 /* Info.plist */,
			);
			path = parse2four;
			sourceTree = "<group>";
		};
/* End PBXGroup section */

/* Begin PBXNativeTarget section */
		EBC940B0218061FA009747A0 /* parse2four */ = {
			isa = PBXNativeTarget;
			buildConfigurationList = EBC940C3218061FC009747A0 /* Build configuration list for PBXNativeTarget "parse2four" */;
			buildPhases = (
				21A978703FF5F59AD84227B1 /* [CP] Check Pods Manifest.lock */,
				EBC940AD218061FA009747A0 /* Sources */,
				EBC940AE218061FA009747A0 /* Frameworks */,
				EBC940AF218061FA009747A0 /* Resources */,
				7C9BB88CCEC4F74AB8F51E42 /* [CP] Embed Pods Frameworks */,
			);
			buildRules = (
			);
			dependencies = (
			);
			name = parse2four;
			productName = parse2four;
			productReference = EBC940B1218061FA009747A0 /* parse2four.app */;
			productType = "com.apple.product-type.application";
		};
/* End PBXNativeTarget section */

/* Begin PBXProject section */
		EBC940A9218061FA009747A0 /* Project object */ = {
			isa = PBXProject;
			attributes = {
				LastSwiftUpdateCheck = 1000;
				LastUpgradeCheck = 1000;
				ORGANIZATIONNAME = "mehmet selen";
				TargetAttributes = {
					EBC940B0218061FA009747A0 = {
						CreatedOnToolsVersion = 10.0;
					};
				};
			};
			buildConfigurationList = EBC940AC218061FA009747A0 /* Build configuration list for PBXProject "parse2four" */;
			compatibilityVersion = "Xcode 9.3";
			developmentRegion = en;
			hasScannedForEncodings = 0;
			knownRegions = (
				en,
				Base,
			);
			mainGroup = EBC940A8218061FA009747A0;
			productRefGroup = EBC940B2218061FA009747A0 /* Products */;
			projectDirPath = "";
			projectRoot = "";
			targets = (
				EBC940B0218061FA009747A0 /* parse2four */,
			);
		};
/* End PBXProject section */

/* Begin PBXResourcesBuildPhase section */
		EBC940AF218061FA009747A0 /* Resources */ = {
			isa = PBXResourcesBuildPhase;
			buildActionMask = 2147483647;
			files = (
				EBC940BF218061FC009747A0 /* LaunchScreen.storyboard in Resources */,
				EBC940C921806C59009747A0 /* select.png in Resources */,
				EBC940BC218061FC009747A0 /* Assets.xcassets in Resources */,
				EBC940BA218061FA009747A0 /* Main.storyboard in Resources */,
			);
			runOnlyForDeploymentPostprocessing = 0;
		};
/* End PBXResourcesBuildPhase section */

/* Begin PBXShellScriptBuildPhase section */
		21A978703FF5F59AD84227B1 /* [CP] Check Pods Manifest.lock */ = {
			isa = PBXShellScriptBuildPhase;
			buildActionMask = 2147483647;
			files = (
			);
			inputFileListPaths = (
			);
			inputPaths = (
				"${PODS_PODFILE_DIR_PATH}/Podfile.lock",
				"${PODS_ROOT}/Manifest.lock",
			);
			name = "[CP] Check Pods Manifest.lock";
			outputFileListPaths = (
			);
			outputPaths = (
				"$(DERIVED_FILE_DIR)/Pods-parse2four-checkManifestLockResult.txt",
			);
			runOnlyForDeploymentPostprocessing = 0;
			shellPath = /bin/sh;
			shellScript = "diff \"${PODS_PODFILE_DIR_PATH}/Podfile.lock\" \"${PODS_ROOT}/Manifest.lock\" > /dev/null\nif [ $? != 0 ] ; then\n    # print error to STDERR\n    echo \"error: The sandbox is not in sync with the Podfile.lock. Run 'pod install' or update your CocoaPods installation.\" >&2\n    exit 1\nfi\n# This output is used by Xcode 'outputs' to avoid re-running this script phase.\necho \"SUCCESS\" > \"${SCRIPT_OUTPUT_FILE_0}\"\n";
			showEnvVarsInLog = 0;
		};
		7C9BB88CCEC4F74AB8F51E42 /* [CP] Embed Pods Frameworks */ = {
			isa = PBXShellScriptBuildPhase;
			buildActionMask = 2147483647;
			files = (
			);
			inputFileListPaths = (
			);
			inputPaths = (
				"${SRCROOT}/Pods/Target Support Files/Pods-parse2four/Pods-parse2four-frameworks.sh",
				"${BUILT_PRODUCTS_DIR}/Bolts/Bolts.framework",
				"${BUILT_PRODUCTS_DIR}/Parse/Parse.framework",
			);
			name = "[CP] Embed Pods Frameworks";
			outputFileListPaths = (
			);
			outputPaths = (
				"${TARGET_BUILD_DIR}/${FRAMEWORKS_FOLDER_PATH}/Bolts.framework",
				"${TARGET_BUILD_DIR}/${FRAMEWORKS_FOLDER_PATH}/Parse.framework",
			);
			runOnlyForDeploymentPostprocessing = 0;
			shellPath = /bin/sh;
			shellScript = "\"${SRCROOT}/Pods/Target Support Files/Pods-parse2four/Pods-parse2four-frameworks.sh\"\n";
			showEnvVarsInLog = 0;
		};
/* End PBXShellScriptBuildPhase section */

/* Begin PBXSourcesBuildPhase section */
		EBC940AD218061FA009747A0 /* Sources */ = {
			isa = PBXSourcesBuildPhase;
			buildActionMask = 2147483647;
			files = (
				EBC940CD21806F07009747A0 /* mapVC.swift in Sources */,
				EBC940CF21806F8D009747A0 /* detailsVC.swift in Sources */,
				EBC940CB21806E22009747A0 /* imageVC.swift in Sources */,
				EBC940B7218061FA009747A0 /* signInVC.swift in Sources */,
				EBC940B5218061FA009747A0 /* AppDelegate.swift in Sources */,
				EBC940C721806523009747A0 /* placesVC.swift in Sources */,
			);
			runOnlyForDeploymentPostprocessing = 0;
		};
/* End PBXSourcesBuildPhase section */

/* Begin PBXVariantGroup section */
		EBC940B8218061FA009747A0 /* Main.storyboard */ = {
			isa = PBXVariantGroup;
			children = (
				EBC940B9218061FA009747A0 /* Base */,
			);
			name = Main.storyboard;
			sourceTree = "<group>";
		};
		EBC940BD218061FC009747A0 /* LaunchScreen.storyboard */ = {
			isa = PBXVariantGroup;
			children = (
				EBC940BE218061FC009747A0 /* Base */,
			);
			name = LaunchScreen.storyboard;
			sourceTree = "<group>";
		};
/* End PBXVariantGroup section */

/* Begin XCBuildConfiguration section */
		EBC940C1218061FC009747A0 /* Debug */ = {
			isa = XCBuildConfiguration;
			buildSettings = {
				ALWAYS_SEARCH_USER_PATHS = NO;
				CLANG_ANALYZER_NONNULL = YES;
				CLANG_ANALYZER_NUMBER_OBJECT_CONVERSION = YES_AGGRESSIVE;
				CLANG_CXX_LANGUAGE_STANDARD = "gnu++14";
				CLANG_CXX_LIBRARY = "libc++";
				CLANG_ENABLE_MODULES = YES;
				CLANG_ENABLE_OBJC_ARC = YES;
				CLANG_ENABLE_OBJC_WEAK = YES;
				CLANG_WARN_BLOCK_CAPTURE_AUTORELEASING = YES;
				CLANG_WARN_BOOL_CONVERSION = YES;
				CLANG_WARN_COMMA = YES;
				CLANG_WARN_CONSTANT_CONVERSION = YES;
				CLANG_WARN_DEPRECATED_OBJC_IMPLEMENTATIONS = YES;
				CLANG_WARN_DIRECT_OBJC_ISA_USAGE = YES_ERROR;
				CLANG_WARN_DOCUMENTATION_COMMENTS = YES;
				CLANG_WARN_EMPTY_BODY = YES;
				CLANG_WARN_ENUM_CONVERSION = YES;
				CLANG_WARN_INFINITE_RECURSION = YES;
				CLANG_WARN_INT_CONVERSION = YES;
				CLANG_WARN_NON_LITERAL_NULL_CONVERSION = YES;
				CLANG_WARN_OBJC_IMPLICIT_RETAIN_SELF = YES;
				CLANG_WARN_OBJC_LITERAL_CONVERSION = YES;
				CLANG_WARN_OBJC_ROOT_CLASS = YES_ERROR;
				CLANG_WARN_RANGE_LOOP_ANALYSIS = YES;
				CLANG_WARN_STRICT_PROTOTYPES = YES;
				CLANG_WARN_SUSPICIOUS_MOVE = YES;
				CLANG_WARN_UNGUARDED_AVAILABILITY = YES_AGGRESSIVE;
				CLANG_WARN_UNREACHABLE_CODE = YES;
				CLANG_WARN__DUPLICATE_METHOD_MATCH = YES;
				CODE_SIGN_IDENTITY = "iPhone Developer";
				COPY_PHASE_STRIP = NO;
				DEBUG_INFORMATION_FORMAT = dwarf;
				ENABLE_STRICT_OBJC_MSGSEND = YES;
				ENABLE_TESTABILITY = YES;
				GCC_C_LANGUAGE_STANDARD = gnu11;
				GCC_DYNAMIC_NO_PIC = NO;
				GCC_NO_COMMON_BLOCKS = YES;
				GCC_OPTIMIZATION_LEVEL = 0;
				GCC_PREPROCESSOR_DEFINITIONS = (
					"DEBUG=1",
					"$(inherited)",
				);
				GCC_WARN_64_TO_32_BIT_CONVERSION = YES;
				GCC_WARN_ABOUT_RETURN_TYPE = YES_ERROR;
				GCC_WARN_UNDECLARED_SELECTOR = YES;
				GCC_WARN_UNINITIALIZED_AUTOS = YES_AGGRESSIVE;
				GCC_WARN_UNUSED_FUNCTION = YES;
				GCC_WARN_UNUSED_VARIABLE = YES;
				IPHONEOS_DEPLOYMENT_TARGET = 12.0;
				MTL_ENABLE_DEBUG_INFO = INCLUDE_SOURCE;
				MTL_FAST_MATH = YES;
				ONLY_ACTIVE_ARCH = YES;
				SDKROOT = iphoneos;
				SWIFT_ACTIVE_COMPILATION_CONDITIONS = DEBUG;
				SWIFT_OPTIMIZATION_LEVEL = "-Onone";
			};
			name = Debug;
		};
		EBC940C2218061FC009747A0 /* Release */ = {
			isa = XCBuildConfiguration;
			buildSettings = {
				ALWAYS_SEARCH_USER_PATHS = NO;
				CLANG_ANALYZER_NONNULL = YES;
				CLANG_ANALYZER_NUMBER_OBJECT_CONVERSION = YES_AGGRESSIVE;
				CLANG_CXX_LANGUAGE_STANDARD = "gnu++14";
				CLANG_CXX_LIBRARY = "libc++";
				CLANG_ENABLE_MODULES = YES;
				CLANG_ENABLE_OBJC_ARC = YES;
				CLANG_ENABLE_OBJC_WEAK = YES;
				CLANG_WARN_BLOCK_CAPTURE_AUTORELEASING = YES;
				CLANG_WARN_BOOL_CONVERSION = YES;
				CLANG_WARN_COMMA = YES;
				CLANG_WARN_CONSTANT_CONVERSION = YES;
				CLANG_WARN_DEPRECATED_OBJC_IMPLEMENTATIONS = YES;
				CLANG_WARN_DIRECT_OBJC_ISA_USAGE = YES_ERROR;
				CLANG_WARN_DOCUMENTATION_COMMENTS = YES;
				CLANG_WARN_EMPTY_BODY = YES;
				CLANG_WARN_ENUM_CONVERSION = YES;
				CLANG_WARN_INFINITE_RECURSION = YES;
				CLANG_WARN_INT_CONVERSION = YES;
				CLANG_WARN_NON_LITERAL_NULL_CONVERSION = YES;
				CLANG_WARN_OBJC_IMPLICIT_RETAIN_SELF = YES;
				CLANG_WARN_OBJC_LITERAL_CONVERSION = YES;
				CLANG_WARN_OBJC_ROOT_CLASS = YES_ERROR;
				CLANG_WARN_RANGE_LOOP_ANALYSIS = YES;
				CLANG_WARN_STRICT_PROTOTYPES = YES;
				CLANG_WARN_SUSPICIOUS_MOVE = YES;
				CLANG_WARN_UNGUARDED_AVAILABILITY = YES_AGGRESSIVE;
				CLANG_WARN_UNREACHABLE_CODE = YES;
				CLANG_WARN__DUPLICATE_METHOD_MATCH = YES;
				CODE_SIGN_IDENTITY = "iPhone Developer";
				COPY_PHASE_STRIP = NO;
				DEBUG_INFORMATION_FORMAT = "dwarf-with-dsym";
				ENABLE_NS_ASSERTIONS = NO;
				ENABLE_STRICT_OBJC_MSGSEND = YES;
				GCC_C_LANGUAGE_STANDARD = gnu11;
				GCC_NO_COMMON_BLOCKS = YES;
				GCC_WARN_64_TO_32_BIT_CONVERSION = YES;
				GCC_WARN_ABOUT_RETURN_TYPE = YES_ERROR;
				GCC_WARN_UNDECLARED_SELECTOR = YES;
				GCC_WARN_UNINITIALIZED_AUTOS = YES_AGGRESSIVE;
				GCC_WARN_UNUSED_FUNCTION = YES;
				GCC_WARN_UNUSED_VARIABLE = YES;
				IPHONEOS_DEPLOYMENT_TARGET = 12.0;
				MTL_ENABLE_DEBUG_INFO = NO;
				MTL_FAST_MATH = YES;
				SDKROOT = iphoneos;
				SWIFT_COMPILATION_MODE = wholemodule;
				SWIFT_OPTIMIZATION_LEVEL = "-O";
				VALIDATE_PRODUCT = YES;
			};
			name = Release;
		};
		EBC940C4218061FC009747A0 /* Debug */ = {
			isa = XCBuildConfiguration;
			baseConfigurationReference = CC914CEF196D4160D24D095D /* Pods-parse2four.debug.xcconfig */;
			buildSettings = {
				ASSETCATALOG_COMPILER_APPICON_NAME = AppIcon;
				CODE_SIGN_STYLE = Automatic;
				DEVELOPMENT_TEAM = 8S4XSLTTF3;
				INFOPLIST_FILE = parse2four/Info.plist;
				LD_RUNPATH_SEARCH_PATHS = (
					"$(inherited)",
					"@executable_path/Frameworks",
				);
				PRODUCT_BUNDLE_IDENTIFIER = com.mehmetselen.parse2four;
				PRODUCT_NAME = "$(TARGET_NAME)";
				SWIFT_VERSION = 4.2;
				TARGETED_DEVICE_FAMILY = "1,2";
			};
			name = Debug;
		};
		EBC940C5218061FC009747A0 /* Release */ = {
			isa = XCBuildConfiguration;
			baseConfigurationReference = 0F1E76E72B707159F0ED1340 /* Pods-parse2four.release.xcconfig */;
			buildSettings = {
				ASSETCATALOG_COMPILER_APPICON_NAME = AppIcon;
				CODE_SIGN_STYLE = Automatic;
				DEVELOPMENT_TEAM = 8S4XSLTTF3;
				INFOPLIST_FILE = parse2four/Info.plist;
				LD_RUNPATH_SEARCH_PATHS = (
					"$(inherited)",
					"@executable_path/Frameworks",
				);
				PRODUCT_BUNDLE_IDENTIFIER = com.mehmetselen.parse2four;
				PRODUCT_NAME = "$(TARGET_NAME)";
				SWIFT_VERSION = 4.2;
				TARGETED_DEVICE_FAMILY = "1,2";
			};
			name = Release;
		};
/* End XCBuildConfiguration section */

/* Begin XCConfigurationList section */
		EBC940AC218061FA009747A0 /* Build configuration list for PBXProject "parse2four" */ = {
			isa = XCConfigurationList;
			buildConfigurations = (
				EBC940C1218061FC009747A0 /* Debug */,
				EBC940C2218061FC009747A0 /* Release */,
			);
			defaultConfigurationIsVisible = 0;
			defaultConfigurationName = Release;
		};
		EBC940C3218061FC009747A0 /* Build configuration list for PBXNativeTarget "parse2four" */ = {
			isa = XCConfigurationList;
			buildConfigurations = (
				EBC940C4218061FC009747A0 /* Debug */,
				EBC940C5218061FC009747A0 /* Release */,
			);
			defaultConfigurationIsVisible = 0;
			defaultConfigurationName = Release;
		};
/* End XCConfigurationList section */
	};
	rootObject = EBC940A9218061FA009747A0 /* Project object */;
}
